
Microsoft Visual Studio Solution File, Format Version 12.00
# Visual Studio Version 17
VisualStudioVersion = 17.9.34616.47
MinimumVisualStudioVersion = 10.0.40219.1
Project("{FAE04EC0-301F-11D3-BF4B-00C04F79EFBC}") = "pwither.reg", "pwither.reg\pwither.reg.csproj", "{4EE2F1F0-FAC7-4B1A-A6A1-97F546856ACA}"
EndProject
Global
	GlobalSection(SolutionConfigurationPlatforms) = preSolution
		Debug|Any CPU = Debug|Any CPU
		Release|Any CPU = Release|Any CPU
	EndGlobalSection
	GlobalSection(ProjectConfigurationPlatforms) = postSolution
		{4EE2F1F0-FAC7-4B1A-A6A1-97F546856ACA}.Debug|Any CPU.ActiveCfg = Debug|Any CPU
		{4EE2F1F0-FAC7-4B1A-A6A1-97F546856ACA}.Debug|Any CPU.Build.0 = Debug|Any CPU
		{4EE2F1F0-FAC7-4B1A-A6A1-97F546856ACA}.Release|Any CPU.ActiveCfg = Release|Any CPU
		{4EE2F1F0-FAC7-4B1A-A6A1-97F546856ACA}.Release|Any CPU.Build.0 = Release|Any CPU
	EndGlobalSection
	GlobalSection(SolutionProperties) = preSolution
		HideSolutionNode = FALSE
	EndGlobalSection
	GlobalSection(ExtensibilityGlobals) = postSolution
		SolutionGuid = {DFBAEA57-684D-49A9-9A76-BA96FDE8D9C5}
	EndGlobalSection
EndGlobal
